{
    "_readme": [
        "This file locks the dependencies of your project to a known state",
        "Read more about it at https://getcomposer.org/doc/01-basic-usage.md#installing-dependencies",
        "This file is @generated automatically"
    ],
    "content-hash": "db58502120cf076cda3bee059def4b3f",
    "packages": [
        {
            "name": "phpquery/phpquery",
            "version": "0.0.2",
            "source": {
                "type": "git",
                "url": "https://github.com/elboza/PhpQuery.git",
                "reference": "9556e6d903b89796491caee53baac426c9850159"
            },
            "dist": {
                "type": "zip",
                "url": "https://api.github.com/repos/elboza/PhpQuery/zipball/9556e6d903b89796491caee53baac426c9850159",
                "reference": "9556e6d903b89796491caee53baac426c9850159",
                "shasum": ""
            },
            "type": "library",
            "autoload": {
                "psr-4": {
                    "PhpQuery\\": "src/"
                }
            },
            "notification-url": "https://packagist.org/downloads/",
            "license": [
                "Beerware"
            ],
            "authors": [
                {
                    "name": "Fernando Iazeolla",
                    "email": "fernando.iazeolla@gmail.com"
                }
            ],
            "description": "jquery for php",
            "time": "2019-08-08T19:13:26+00:00"
        }
    ],
    "packages-dev": [],
    "aliases": [],
    "minimum-stability": "stable",
    "stability-flags": [],
    "prefer-stable": false,
    "prefer-lowest": false,
    "platform": {
        "ext-pdo": "*"
    },
    "platform-dev": []
}
